
Microsoft Visual Studio Solution File, Format Version 12.00
# Visual Studio 15
VisualStudioVersion = 15.0.27130.2027
MinimumVisualStudioVersion = 10.0.40219.1
Project("{FAE04EC0-301F-11D3-BF4B-00C04F79EFBC}") = "Mapa", "Mapa\Mapa.csproj", "{87065133-B5CA-435B-99B6-F9C9B783E146}"
EndProject
Project("{FAE04EC0-301F-11D3-BF4B-00C04F79EFBC}") = "MapTests", "MapTests\MapTests.csproj", "{03B1E174-C6A6-416D-99A3-2382F952F8DC}"
EndProject
Global
	GlobalSection(SolutionConfigurationPlatforms) = preSolution
		Debug|Any CPU = Debug|Any CPU
		Release|Any CPU = Release|Any CPU
	EndGlobalSection
	GlobalSection(ProjectConfigurationPlatforms) = postSolution
		{87065133-B5CA-435B-99B6-F9C9B783E146}.Debug|Any CPU.ActiveCfg = Debug|Any CPU
		{87065133-B5CA-435B-99B6-F9C9B783E146}.Debug|Any CPU.Build.0 = Debug|Any CPU
		{87065133-B5CA-435B-99B6-F9C9B783E146}.Release|Any CPU.ActiveCfg = Release|Any CPU
		{87065133-B5CA-435B-99B6-F9C9B783E146}.Release|Any CPU.Build.0 = Release|Any CPU
		{03B1E174-C6A6-416D-99A3-2382F952F8DC}.Debug|Any CPU.ActiveCfg = Debug|Any CPU
		{03B1E174-C6A6-416D-99A3-2382F952F8DC}.Debug|Any CPU.Build.0 = Debug|Any CPU
		{03B1E174-C6A6-416D-99A3-2382F952F8DC}.Release|Any CPU.ActiveCfg = Release|Any CPU
		{03B1E174-C6A6-416D-99A3-2382F952F8DC}.Release|Any CPU.Build.0 = Release|Any CPU
	EndGlobalSection
	GlobalSection(SolutionProperties) = preSolution
		HideSolutionNode = FALSE
	EndGlobalSection
	GlobalSection(ExtensibilityGlobals) = postSolution
		SolutionGuid = {0D397108-B016-4C21-AB32-2F0F2BBCB3C4}
	EndGlobalSection
EndGlobal
