
Microsoft Visual Studio Solution File, Format Version 12.00
# Visual Studio 15
VisualStudioVersion = 15.0.27004.2009
MinimumVisualStudioVersion = 10.0.40219.1
Project("{FAE04EC0-301F-11D3-BF4B-00C04F79EFBC}") = "Teleportace", "Teleportace\Teleportace.csproj", "{8F696536-1356-4DFC-90E7-1F79C5FF9992}"
EndProject
Global
	GlobalSection(SolutionConfigurationPlatforms) = preSolution
		Debug|Any CPU = Debug|Any CPU
		Release|Any CPU = Release|Any CPU
	EndGlobalSection
	GlobalSection(ProjectConfigurationPlatforms) = postSolution
		{8F696536-1356-4DFC-90E7-1F79C5FF9992}.Debug|Any CPU.ActiveCfg = Debug|Any CPU
		{8F696536-1356-4DFC-90E7-1F79C5FF9992}.Debug|Any CPU.Build.0 = Debug|Any CPU
		{8F696536-1356-4DFC-90E7-1F79C5FF9992}.Release|Any CPU.ActiveCfg = Release|Any CPU
		{8F696536-1356-4DFC-90E7-1F79C5FF9992}.Release|Any CPU.Build.0 = Release|Any CPU
	EndGlobalSection
	GlobalSection(SolutionProperties) = preSolution
		HideSolutionNode = FALSE
	EndGlobalSection
	GlobalSection(ExtensibilityGlobals) = postSolution
		SolutionGuid = {2077EC3F-1864-423C-98BC-F61C32E4C927}
	EndGlobalSection
EndGlobal
