
Microsoft Visual Studio Solution File, Format Version 12.00
# Visual Studio 15
VisualStudioVersion = 15.0.27130.2027
MinimumVisualStudioVersion = 10.0.40219.1
Project("{FAE04EC0-301F-11D3-BF4B-00C04F79EFBC}") = "HanoiTower", "HanoiTower\HanoiTower.csproj", "{349E127B-34A9-4569-AA95-7E141089E91F}"
EndProject
Global
	GlobalSection(SolutionConfigurationPlatforms) = preSolution
		Debug|Any CPU = Debug|Any CPU
		Release|Any CPU = Release|Any CPU
	EndGlobalSection
	GlobalSection(ProjectConfigurationPlatforms) = postSolution
		{349E127B-34A9-4569-AA95-7E141089E91F}.Debug|Any CPU.ActiveCfg = Debug|Any CPU
		{349E127B-34A9-4569-AA95-7E141089E91F}.Debug|Any CPU.Build.0 = Debug|Any CPU
		{349E127B-34A9-4569-AA95-7E141089E91F}.Release|Any CPU.ActiveCfg = Release|Any CPU
		{349E127B-34A9-4569-AA95-7E141089E91F}.Release|Any CPU.Build.0 = Release|Any CPU
	EndGlobalSection
	GlobalSection(SolutionProperties) = preSolution
		HideSolutionNode = FALSE
	EndGlobalSection
	GlobalSection(ExtensibilityGlobals) = postSolution
		SolutionGuid = {10BA4FDA-C17F-4868-958B-B4FF3AC7CA08}
	EndGlobalSection
EndGlobal
