
Microsoft Visual Studio Solution File, Format Version 12.00
# Visual Studio 15
VisualStudioVersion = 15.0.27004.2005
MinimumVisualStudioVersion = 10.0.40219.1
Project("{FAE04EC0-301F-11D3-BF4B-00C04F79EFBC}") = "Zbojnici", "Zbojnici\Zbojnici.csproj", "{6B65F4AB-B662-4717-A6AD-F34D951C7B60}"
EndProject
Project("{FAE04EC0-301F-11D3-BF4B-00C04F79EFBC}") = "ZbojniciTest", "ZbojniciTest\ZbojniciTest.csproj", "{D3086DFE-2824-441D-956F-CD42BE4449D8}"
EndProject
Global
	GlobalSection(SolutionConfigurationPlatforms) = preSolution
		Debug|Any CPU = Debug|Any CPU
		Release|Any CPU = Release|Any CPU
	EndGlobalSection
	GlobalSection(ProjectConfigurationPlatforms) = postSolution
		{6B65F4AB-B662-4717-A6AD-F34D951C7B60}.Debug|Any CPU.ActiveCfg = Debug|Any CPU
		{6B65F4AB-B662-4717-A6AD-F34D951C7B60}.Debug|Any CPU.Build.0 = Debug|Any CPU
		{6B65F4AB-B662-4717-A6AD-F34D951C7B60}.Release|Any CPU.ActiveCfg = Release|Any CPU
		{6B65F4AB-B662-4717-A6AD-F34D951C7B60}.Release|Any CPU.Build.0 = Release|Any CPU
		{D3086DFE-2824-441D-956F-CD42BE4449D8}.Debug|Any CPU.ActiveCfg = Debug|Any CPU
		{D3086DFE-2824-441D-956F-CD42BE4449D8}.Debug|Any CPU.Build.0 = Debug|Any CPU
		{D3086DFE-2824-441D-956F-CD42BE4449D8}.Release|Any CPU.ActiveCfg = Release|Any CPU
		{D3086DFE-2824-441D-956F-CD42BE4449D8}.Release|Any CPU.Build.0 = Release|Any CPU
	EndGlobalSection
	GlobalSection(SolutionProperties) = preSolution
		HideSolutionNode = FALSE
	EndGlobalSection
	GlobalSection(ExtensibilityGlobals) = postSolution
		SolutionGuid = {CD98DF00-AD38-4F53-B993-C7CA47403B40}
	EndGlobalSection
EndGlobal
